
Microsoft Visual Studio Solution File, Format Version 12.00
# Visual Studio 15
VisualStudioVersion = 15.0.28307.421
MinimumVisualStudioVersion = 10.0.40219.1
Project("{FAE04EC0-301F-11D3-BF4B-00C04F79EFBC}") = "PrintMonitorRelay", "PrintMonitorRelay\PrintMonitorRelay.csproj", "{B577DB9F-BB30-460A-B550-07E52F6A941B}"
EndProject
Project("{54435603-DBB4-11D2-8724-00A0C9A8B90C}") = "PrintMonitorRelaySetup", "PrintMonitorRelaySetup\PrintMonitorRelaySetup.vdproj", "{97B8306C-EC9C-4D07-8F48-70F8C895B6F9}"
EndProject
Project("{FAE04EC0-301F-11D3-BF4B-00C04F79EFBC}") = "FormTest", "FormTest\FormTest.csproj", "{C0F2E216-B9CA-40E8-8C32-2F629409CEDF}"
EndProject
Global
	GlobalSection(SolutionConfigurationPlatforms) = preSolution
		Debug|Any CPU = Debug|Any CPU
		Release|Any CPU = Release|Any CPU
	EndGlobalSection
	GlobalSection(ProjectConfigurationPlatforms) = postSolution
		{B577DB9F-BB30-460A-B550-07E52F6A941B}.Debug|Any CPU.ActiveCfg = Debug|Any CPU
		{B577DB9F-BB30-460A-B550-07E52F6A941B}.Debug|Any CPU.Build.0 = Debug|Any CPU
		{B577DB9F-BB30-460A-B550-07E52F6A941B}.Release|Any CPU.ActiveCfg = Release|Any CPU
		{B577DB9F-BB30-460A-B550-07E52F6A941B}.Release|Any CPU.Build.0 = Release|Any CPU
		{97B8306C-EC9C-4D07-8F48-70F8C895B6F9}.Debug|Any CPU.ActiveCfg = Debug
		{97B8306C-EC9C-4D07-8F48-70F8C895B6F9}.Release|Any CPU.ActiveCfg = Release
		{C0F2E216-B9CA-40E8-8C32-2F629409CEDF}.Debug|Any CPU.ActiveCfg = Debug|Any CPU
		{C0F2E216-B9CA-40E8-8C32-2F629409CEDF}.Debug|Any CPU.Build.0 = Debug|Any CPU
		{C0F2E216-B9CA-40E8-8C32-2F629409CEDF}.Release|Any CPU.ActiveCfg = Release|Any CPU
		{C0F2E216-B9CA-40E8-8C32-2F629409CEDF}.Release|Any CPU.Build.0 = Release|Any CPU
	EndGlobalSection
	GlobalSection(SolutionProperties) = preSolution
		HideSolutionNode = FALSE
	EndGlobalSection
	GlobalSection(ExtensibilityGlobals) = postSolution
		SolutionGuid = {A006C921-61C6-4653-B0B9-1A1CD9338528}
	EndGlobalSection
EndGlobal
